{
  "requires": true,
  "lockfileVersion": 1,
  "dependencies": {
    "pyp-09-task": {
      "version": "1.0.4",
      "resolved": "https://registry.npmjs.org/pyp-09-task/-/pyp-09-task-1.0.4.tgz",
      "integrity": "sha512-L6JH/IHQsIszC0sWV10428A40v7o9CLB9HZNWl/oJBoNgm2ns5dGQzZqCiOyTv8M2cE/IjJ1OhTjVHGF6ko6ew=="
    }
  }
}
